
Microsoft Visual Studio Solution File, Format Version 12.00
# Visual Studio 14
VisualStudioVersion = 14.0.24720.0
MinimumVisualStudioVersion = 10.0.40219.1
Project("{FAE04EC0-301F-11D3-BF4B-00C04F79EFBC}") = "BankClient", "BrunelBank\BankClient.csproj", "{7539D88D-141E-4E80-8639-00A0A6344FA3}"
EndProject
Project("{FAE04EC0-301F-11D3-BF4B-00C04F79EFBC}") = "CommonComponents", "CommonComponents\CommonComponents.csproj", "{92A1CCDB-3DF8-4F0A-A03B-AD480F1E1E39}"
EndProject
Project("{FAE04EC0-301F-11D3-BF4B-00C04F79EFBC}") = "BankServer", "BankServer\BankServer.csproj", "{C35FC2A8-AFCA-43A2-974E-477FD26480A9}"
EndProject
Global
	GlobalSection(SolutionConfigurationPlatforms) = preSolution
		Debug|Any CPU = Debug|Any CPU
		Release|Any CPU = Release|Any CPU
	EndGlobalSection
	GlobalSection(ProjectConfigurationPlatforms) = postSolution
		{7539D88D-141E-4E80-8639-00A0A6344FA3}.Debug|Any CPU.ActiveCfg = Debug|Any CPU
		{7539D88D-141E-4E80-8639-00A0A6344FA3}.Debug|Any CPU.Build.0 = Debug|Any CPU
		{7539D88D-141E-4E80-8639-00A0A6344FA3}.Release|Any CPU.ActiveCfg = Release|Any CPU
		{7539D88D-141E-4E80-8639-00A0A6344FA3}.Release|Any CPU.Build.0 = Release|Any CPU
		{92A1CCDB-3DF8-4F0A-A03B-AD480F1E1E39}.Debug|Any CPU.ActiveCfg = Debug|Any CPU
		{92A1CCDB-3DF8-4F0A-A03B-AD480F1E1E39}.Debug|Any CPU.Build.0 = Debug|Any CPU
		{92A1CCDB-3DF8-4F0A-A03B-AD480F1E1E39}.Release|Any CPU.ActiveCfg = Release|Any CPU
		{92A1CCDB-3DF8-4F0A-A03B-AD480F1E1E39}.Release|Any CPU.Build.0 = Release|Any CPU
		{C35FC2A8-AFCA-43A2-974E-477FD26480A9}.Debug|Any CPU.ActiveCfg = Debug|Any CPU
		{C35FC2A8-AFCA-43A2-974E-477FD26480A9}.Debug|Any CPU.Build.0 = Debug|Any CPU
		{C35FC2A8-AFCA-43A2-974E-477FD26480A9}.Release|Any CPU.ActiveCfg = Release|Any CPU
		{C35FC2A8-AFCA-43A2-974E-477FD26480A9}.Release|Any CPU.Build.0 = Release|Any CPU
	EndGlobalSection
	GlobalSection(SolutionProperties) = preSolution
		HideSolutionNode = FALSE
	EndGlobalSection
EndGlobal
